Microsoft Visual Studio Solution File, Format Version 12.00
# Visual Studio 2012
Project("{FAE04EC0-301F-11D3-BF4B-00C04F79EFBC}") = "Project S", "Project S.csproj", "{98E420D2-208A-468F-9BE4-9446AE8DFC04}"
EndProject
Global
	GlobalSection(SolutionConfigurationPlatforms) = preSolution
	Debug|Any CPU = Debug|Any CPU
	ExportDebug|Any CPU = ExportDebug|Any CPU
	ExportRelease|Any CPU = ExportRelease|Any CPU
	EndGlobalSection
	GlobalSection(ProjectConfigurationPlatforms) = postSolution
		{98E420D2-208A-468F-9BE4-9446AE8DFC04}.Debug|Any CPU.ActiveCfg = Debug|Any CPU
		{98E420D2-208A-468F-9BE4-9446AE8DFC04}.Debug|Any CPU.Build.0 = Debug|Any CPU
		{98E420D2-208A-468F-9BE4-9446AE8DFC04}.ExportDebug|Any CPU.ActiveCfg = ExportDebug|Any CPU
		{98E420D2-208A-468F-9BE4-9446AE8DFC04}.ExportDebug|Any CPU.Build.0 = ExportDebug|Any CPU
		{98E420D2-208A-468F-9BE4-9446AE8DFC04}.ExportRelease|Any CPU.ActiveCfg = ExportRelease|Any CPU
		{98E420D2-208A-468F-9BE4-9446AE8DFC04}.ExportRelease|Any CPU.Build.0 = ExportRelease|Any CPU
	EndGlobalSection
EndGlobal
